
Microsoft Visual Studio Solution File, Format Version 12.00
# Visual Studio Version 17
VisualStudioVersion = 17.6.33815.320
MinimumVisualStudioVersion = 10.0.40219.1
Project("{8BC9CEB8-8B4A-11D0-8D11-00A0C91BC942}") = "HIDEAGEM_CORE", "HIDEAGEM_CORE.vcxproj", "{69D7E7C4-FA21-4946-B4BE-64EBD7EB5F24}"
	ProjectSection(ProjectDependencies) = postProject
		{51EEB375-FF9B-3BF6-8E03-AC18F0FB7B79} = {51EEB375-FF9B-3BF6-8E03-AC18F0FB7B79}
		{A185B162-6CB6-4502-B03F-B56F7699A8D9} = {A185B162-6CB6-4502-B03F-B56F7699A8D9}
		{C2EF6108-C3F4-3567-BF46-C388C0C17C51} = {C2EF6108-C3F4-3567-BF46-C388C0C17C51}
	EndProjectSection
EndProject
Project("{8BC9CEB8-8B4A-11D0-8D11-00A0C91BC942}") = "libsodium", "..\..\..\dependencies\libsodium\builds\msvc\vs2022\libsodium\libsodium.vcxproj", "{A185B162-6CB6-4502-B03F-B56F7699A8D9}"
EndProject
Project("{8BC9CEB8-8B4A-11D0-8D11-00A0C91BC942}") = "utf8proc", "temp\utf8proc_vstudio\utf8proc.vcxproj", "{C2EF6108-C3F4-3567-BF46-C388C0C17C51}"
EndProject
Project("{8BC9CEB8-8B4A-11D0-8D11-00A0C91BC942}") = "miniz", "..\..\..\dependencies\miniz\miniz.vcxproj", "{51EEB375-FF9B-3BF6-8E03-AC18F0FB7B79}"
EndProject
Global
	GlobalSection(SolutionConfigurationPlatforms) = preSolution
		Debug|ARM = Debug|ARM
		Debug|ARM64 = Debug|ARM64
		Debug|Itanium = Debug|Itanium
		Debug|x64 = Debug|x64
		Debug|x86 = Debug|x86
		DebugDLL|ARM = DebugDLL|ARM
		DebugDLL|ARM64 = DebugDLL|ARM64
		DebugDLL|Itanium = DebugDLL|Itanium
		DebugDLL|x64 = DebugDLL|x64
		DebugDLL|x86 = DebugDLL|x86
		DebugLIB|ARM = DebugLIB|ARM
		DebugLIB|ARM64 = DebugLIB|ARM64
		DebugLIB|Itanium = DebugLIB|Itanium
		DebugLIB|x64 = DebugLIB|x64
		DebugLIB|x86 = DebugLIB|x86
		DebugLTCG|ARM = DebugLTCG|ARM
		DebugLTCG|ARM64 = DebugLTCG|ARM64
		DebugLTCG|Itanium = DebugLTCG|Itanium
		DebugLTCG|x64 = DebugLTCG|x64
		DebugLTCG|x86 = DebugLTCG|x86
		MinSizeRel|ARM = MinSizeRel|ARM
		MinSizeRel|ARM64 = MinSizeRel|ARM64
		MinSizeRel|Itanium = MinSizeRel|Itanium
		MinSizeRel|x64 = MinSizeRel|x64
		MinSizeRel|x86 = MinSizeRel|x86
		Release|ARM = Release|ARM
		Release|ARM64 = Release|ARM64
		Release|Itanium = Release|Itanium
		Release|x64 = Release|x64
		Release|x86 = Release|x86
		ReleaseDLL|ARM = ReleaseDLL|ARM
		ReleaseDLL|ARM64 = ReleaseDLL|ARM64
		ReleaseDLL|Itanium = ReleaseDLL|Itanium
		ReleaseDLL|x64 = ReleaseDLL|x64
		ReleaseDLL|x86 = ReleaseDLL|x86
		ReleaseLIB|ARM = ReleaseLIB|ARM
		ReleaseLIB|ARM64 = ReleaseLIB|ARM64
		ReleaseLIB|Itanium = ReleaseLIB|Itanium
		ReleaseLIB|x64 = ReleaseLIB|x64
		ReleaseLIB|x86 = ReleaseLIB|x86
		ReleaseLTCG|ARM = ReleaseLTCG|ARM
		ReleaseLTCG|ARM64 = ReleaseLTCG|ARM64
		ReleaseLTCG|Itanium = ReleaseLTCG|Itanium
		ReleaseLTCG|x64 = ReleaseLTCG|x64
		ReleaseLTCG|x86 = ReleaseLTCG|x86
		ReleaseWithoutAsm|ARM = ReleaseWithoutAsm|ARM
		ReleaseWithoutAsm|ARM64 = ReleaseWithoutAsm|ARM64
		ReleaseWithoutAsm|Itanium = ReleaseWithoutAsm|Itanium
		ReleaseWithoutAsm|x64 = ReleaseWithoutAsm|x64
		ReleaseWithoutAsm|x86 = ReleaseWithoutAsm|x86
		RelWithDebInfo|ARM = RelWithDebInfo|ARM
		RelWithDebInfo|ARM64 = RelWithDebInfo|ARM64
		RelWithDebInfo|Itanium = RelWithDebInfo|Itanium
		RelWithDebInfo|x64 = RelWithDebInfo|x64
		RelWithDebInfo|x86 = RelWithDebInfo|x86
	EndGlobalSection
	GlobalSection(ProjectConfigurationPlatforms) = postSolution
		{69D7E7C4-FA21-4946-B4BE-64EBD7EB5F24}.Debug|ARM.ActiveCfg = Debug|x64
		{69D7E7C4-FA21-4946-B4BE-64EBD7EB5F24}.Debug|ARM.Build.0 = Debug|x64
		{69D7E7C4-FA21-4946-B4BE-64EBD7EB5F24}.Debug|ARM64.ActiveCfg = Debug|x64
		{69D7E7C4-FA21-4946-B4BE-64EBD7EB5F24}.Debug|ARM64.Build.0 = Debug|x64
		{69D7E7C4-FA21-4946-B4BE-64EBD7EB5F24}.Debug|Itanium.ActiveCfg = Debug|x64
		{69D7E7C4-FA21-4946-B4BE-64EBD7EB5F24}.Debug|Itanium.Build.0 = Debug|x64
		{69D7E7C4-FA21-4946-B4BE-64EBD7EB5F24}.Debug|x64.ActiveCfg = Debug|x64
		{69D7E7C4-FA21-4946-B4BE-64EBD7EB5F24}.Debug|x64.Build.0 = Debug|x64
		{69D7E7C4-FA21-4946-B4BE-64EBD7EB5F24}.Debug|x86.ActiveCfg = Debug|Win32
		{69D7E7C4-FA21-4946-B4BE-64EBD7EB5F24}.Debug|x86.Build.0 = Debug|Win32
		{69D7E7C4-FA21-4946-B4BE-64EBD7EB5F24}.DebugDLL|ARM.ActiveCfg = Debug|x64
		{69D7E7C4-FA21-4946-B4BE-64EBD7EB5F24}.DebugDLL|ARM.Build.0 = Debug|x64
		{69D7E7C4-FA21-4946-B4BE-64EBD7EB5F24}.DebugDLL|ARM64.ActiveCfg = Debug|x64
		{69D7E7C4-FA21-4946-B4BE-64EBD7EB5F24}.DebugDLL|ARM64.Build.0 = Debug|x64
		{69D7E7C4-FA21-4946-B4BE-64EBD7EB5F24}.DebugDLL|Itanium.ActiveCfg = Debug|x64
		{69D7E7C4-FA21-4946-B4BE-64EBD7EB5F24}.DebugDLL|Itanium.Build.0 = Debug|x64
		{69D7E7C4-FA21-4946-B4BE-64EBD7EB5F24}.DebugDLL|x64.ActiveCfg = Debug|x64
		{69D7E7C4-FA21-4946-B4BE-64EBD7EB5F24}.DebugDLL|x64.Build.0 = Debug|x64
		{69D7E7C4-FA21-4946-B4BE-64EBD7EB5F24}.DebugDLL|x86.ActiveCfg = Debug|Win32
		{69D7E7C4-FA21-4946-B4BE-64EBD7EB5F24}.DebugDLL|x86.Build.0 = Debug|Win32
		{69D7E7C4-FA21-4946-B4BE-64EBD7EB5F24}.DebugLIB|ARM.ActiveCfg = Debug|x64
		{69D7E7C4-FA21-4946-B4BE-64EBD7EB5F24}.DebugLIB|ARM.Build.0 = Debug|x64
		{69D7E7C4-FA21-4946-B4BE-64EBD7EB5F24}.DebugLIB|ARM64.ActiveCfg = Debug|x64
		{69D7E7C4-FA21-4946-B4BE-64EBD7EB5F24}.DebugLIB|ARM64.Build.0 = Debug|x64
		{69D7E7C4-FA21-4946-B4BE-64EBD7EB5F24}.DebugLIB|Itanium.ActiveCfg = Debug|x64
		{69D7E7C4-FA21-4946-B4BE-64EBD7EB5F24}.DebugLIB|Itanium.Build.0 = Debug|x64
		{69D7E7C4-FA21-4946-B4BE-64EBD7EB5F24}.DebugLIB|x64.ActiveCfg = Debug|x64
		{69D7E7C4-FA21-4946-B4BE-64EBD7EB5F24}.DebugLIB|x64.Build.0 = Debug|x64
		{69D7E7C4-FA21-4946-B4BE-64EBD7EB5F24}.DebugLIB|x86.ActiveCfg = Debug|Win32
		{69D7E7C4-FA21-4946-B4BE-64EBD7EB5F24}.DebugLIB|x86.Build.0 = Debug|Win32
		{69D7E7C4-FA21-4946-B4BE-64EBD7EB5F24}.DebugLTCG|ARM.ActiveCfg = Debug|x64
		{69D7E7C4-FA21-4946-B4BE-64EBD7EB5F24}.DebugLTCG|ARM.Build.0 = Debug|x64
		{69D7E7C4-FA21-4946-B4BE-64EBD7EB5F24}.DebugLTCG|ARM64.ActiveCfg = Debug|x64
		{69D7E7C4-FA21-4946-B4BE-64EBD7EB5F24}.DebugLTCG|ARM64.Build.0 = Debug|x64
		{69D7E7C4-FA21-4946-B4BE-64EBD7EB5F24}.DebugLTCG|Itanium.ActiveCfg = Debug|x64
		{69D7E7C4-FA21-4946-B4BE-64EBD7EB5F24}.DebugLTCG|Itanium.Build.0 = Debug|x64
		{69D7E7C4-FA21-4946-B4BE-64EBD7EB5F24}.DebugLTCG|x64.ActiveCfg = Debug|x64
		{69D7E7C4-FA21-4946-B4BE-64EBD7EB5F24}.DebugLTCG|x64.Build.0 = Debug|x64
		{69D7E7C4-FA21-4946-B4BE-64EBD7EB5F24}.DebugLTCG|x86.ActiveCfg = Debug|Win32
		{69D7E7C4-FA21-4946-B4BE-64EBD7EB5F24}.DebugLTCG|x86.Build.0 = Debug|Win32
		{69D7E7C4-FA21-4946-B4BE-64EBD7EB5F24}.MinSizeRel|ARM.ActiveCfg = Release|x64
		{69D7E7C4-FA21-4946-B4BE-64EBD7EB5F24}.MinSizeRel|ARM.Build.0 = Release|x64
		{69D7E7C4-FA21-4946-B4BE-64EBD7EB5F24}.MinSizeRel|ARM64.ActiveCfg = Release|x64
		{69D7E7C4-FA21-4946-B4BE-64EBD7EB5F24}.MinSizeRel|ARM64.Build.0 = Release|x64
		{69D7E7C4-FA21-4946-B4BE-64EBD7EB5F24}.MinSizeRel|Itanium.ActiveCfg = Release|x64
		{69D7E7C4-FA21-4946-B4BE-64EBD7EB5F24}.MinSizeRel|Itanium.Build.0 = Release|x64
		{69D7E7C4-FA21-4946-B4BE-64EBD7EB5F24}.MinSizeRel|x64.ActiveCfg = Release|x64
		{69D7E7C4-FA21-4946-B4BE-64EBD7EB5F24}.MinSizeRel|x64.Build.0 = Release|x64
		{69D7E7C4-FA21-4946-B4BE-64EBD7EB5F24}.MinSizeRel|x86.ActiveCfg = Release|Win32
		{69D7E7C4-FA21-4946-B4BE-64EBD7EB5F24}.MinSizeRel|x86.Build.0 = Release|Win32
		{69D7E7C4-FA21-4946-B4BE-64EBD7EB5F24}.Release|ARM.ActiveCfg = Release|x64
		{69D7E7C4-FA21-4946-B4BE-64EBD7EB5F24}.Release|ARM.Build.0 = Release|x64
		{69D7E7C4-FA21-4946-B4BE-64EBD7EB5F24}.Release|ARM64.ActiveCfg = Release|x64
		{69D7E7C4-FA21-4946-B4BE-64EBD7EB5F24}.Release|ARM64.Build.0 = Release|x64
		{69D7E7C4-FA21-4946-B4BE-64EBD7EB5F24}.Release|Itanium.ActiveCfg = Release|x64
		{69D7E7C4-FA21-4946-B4BE-64EBD7EB5F24}.Release|Itanium.Build.0 = Release|x64
		{69D7E7C4-FA21-4946-B4BE-64EBD7EB5F24}.Release|x64.ActiveCfg = Release|x64
		{69D7E7C4-FA21-4946-B4BE-64EBD7EB5F24}.Release|x64.Build.0 = Release|x64
		{69D7E7C4-FA21-4946-B4BE-64EBD7EB5F24}.Release|x86.ActiveCfg = Release|Win32
		{69D7E7C4-FA21-4946-B4BE-64EBD7EB5F24}.Release|x86.Build.0 = Release|Win32
		{69D7E7C4-FA21-4946-B4BE-64EBD7EB5F24}.ReleaseDLL|ARM.ActiveCfg = Release|x64
		{69D7E7C4-FA21-4946-B4BE-64EBD7EB5F24}.ReleaseDLL|ARM.Build.0 = Release|x64
		{69D7E7C4-FA21-4946-B4BE-64EBD7EB5F24}.ReleaseDLL|ARM64.ActiveCfg = Release|x64
		{69D7E7C4-FA21-4946-B4BE-64EBD7EB5F24}.ReleaseDLL|ARM64.Build.0 = Release|x64
		{69D7E7C4-FA21-4946-B4BE-64EBD7EB5F24}.ReleaseDLL|Itanium.ActiveCfg = Release|x64
		{69D7E7C4-FA21-4946-B4BE-64EBD7EB5F24}.ReleaseDLL|Itanium.Build.0 = Release|x64
		{69D7E7C4-FA21-4946-B4BE-64EBD7EB5F24}.ReleaseDLL|x64.ActiveCfg = Release|x64
		{69D7E7C4-FA21-4946-B4BE-64EBD7EB5F24}.ReleaseDLL|x64.Build.0 = Release|x64
		{69D7E7C4-FA21-4946-B4BE-64EBD7EB5F24}.ReleaseDLL|x86.ActiveCfg = Release|Win32
		{69D7E7C4-FA21-4946-B4BE-64EBD7EB5F24}.ReleaseDLL|x86.Build.0 = Release|Win32
		{69D7E7C4-FA21-4946-B4BE-64EBD7EB5F24}.ReleaseLIB|ARM.ActiveCfg = Release|x64
		{69D7E7C4-FA21-4946-B4BE-64EBD7EB5F24}.ReleaseLIB|ARM.Build.0 = Release|x64
		{69D7E7C4-FA21-4946-B4BE-64EBD7EB5F24}.ReleaseLIB|ARM64.ActiveCfg = Release|x64
		{69D7E7C4-FA21-4946-B4BE-64EBD7EB5F24}.ReleaseLIB|ARM64.Build.0 = Release|x64
		{69D7E7C4-FA21-4946-B4BE-64EBD7EB5F24}.ReleaseLIB|Itanium.ActiveCfg = Release|x64
		{69D7E7C4-FA21-4946-B4BE-64EBD7EB5F24}.ReleaseLIB|Itanium.Build.0 = Release|x64
		{69D7E7C4-FA21-4946-B4BE-64EBD7EB5F24}.ReleaseLIB|x64.ActiveCfg = Release|x64
		{69D7E7C4-FA21-4946-B4BE-64EBD7EB5F24}.ReleaseLIB|x64.Build.0 = Release|x64
		{69D7E7C4-FA21-4946-B4BE-64EBD7EB5F24}.ReleaseLIB|x86.ActiveCfg = Release|Win32
		{69D7E7C4-FA21-4946-B4BE-64EBD7EB5F24}.ReleaseLIB|x86.Build.0 = Release|Win32
		{69D7E7C4-FA21-4946-B4BE-64EBD7EB5F24}.ReleaseLTCG|ARM.ActiveCfg = Release|x64
		{69D7E7C4-FA21-4946-B4BE-64EBD7EB5F24}.ReleaseLTCG|ARM.Build.0 = Release|x64
		{69D7E7C4-FA21-4946-B4BE-64EBD7EB5F24}.ReleaseLTCG|ARM64.ActiveCfg = Release|x64
		{69D7E7C4-FA21-4946-B4BE-64EBD7EB5F24}.ReleaseLTCG|ARM64.Build.0 = Release|x64
		{69D7E7C4-FA21-4946-B4BE-64EBD7EB5F24}.ReleaseLTCG|Itanium.ActiveCfg = Release|x64
		{69D7E7C4-FA21-4946-B4BE-64EBD7EB5F24}.ReleaseLTCG|Itanium.Build.0 = Release|x64
		{69D7E7C4-FA21-4946-B4BE-64EBD7EB5F24}.ReleaseLTCG|x64.ActiveCfg = Release|x64
		{69D7E7C4-FA21-4946-B4BE-64EBD7EB5F24}.ReleaseLTCG|x64.Build.0 = Release|x64
		{69D7E7C4-FA21-4946-B4BE-64EBD7EB5F24}.ReleaseLTCG|x86.ActiveCfg = Release|Win32
		{69D7E7C4-FA21-4946-B4BE-64EBD7EB5F24}.ReleaseLTCG|x86.Build.0 = Release|Win32
		{69D7E7C4-FA21-4946-B4BE-64EBD7EB5F24}.ReleaseWithoutAsm|ARM.ActiveCfg = Release|x64
		{69D7E7C4-FA21-4946-B4BE-64EBD7EB5F24}.ReleaseWithoutAsm|ARM.Build.0 = Release|x64
		{69D7E7C4-FA21-4946-B4BE-64EBD7EB5F24}.ReleaseWithoutAsm|ARM64.ActiveCfg = Release|x64
		{69D7E7C4-FA21-4946-B4BE-64EBD7EB5F24}.ReleaseWithoutAsm|ARM64.Build.0 = Release|x64
		{69D7E7C4-FA21-4946-B4BE-64EBD7EB5F24}.ReleaseWithoutAsm|Itanium.ActiveCfg = Release|x64
		{69D7E7C4-FA21-4946-B4BE-64EBD7EB5F24}.ReleaseWithoutAsm|Itanium.Build.0 = Release|x64
		{69D7E7C4-FA21-4946-B4BE-64EBD7EB5F24}.ReleaseWithoutAsm|x64.ActiveCfg = Release|x64
		{69D7E7C4-FA21-4946-B4BE-64EBD7EB5F24}.ReleaseWithoutAsm|x64.Build.0 = Release|x64
		{69D7E7C4-FA21-4946-B4BE-64EBD7EB5F24}.ReleaseWithoutAsm|x86.ActiveCfg = Release|Win32
		{69D7E7C4-FA21-4946-B4BE-64EBD7EB5F24}.ReleaseWithoutAsm|x86.Build.0 = Release|Win32
		{69D7E7C4-FA21-4946-B4BE-64EBD7EB5F24}.RelWithDebInfo|ARM.ActiveCfg = Release|x64
		{69D7E7C4-FA21-4946-B4BE-64EBD7EB5F24}.RelWithDebInfo|ARM.Build.0 = Release|x64
		{69D7E7C4-FA21-4946-B4BE-64EBD7EB5F24}.RelWithDebInfo|ARM64.ActiveCfg = Release|x64
		{69D7E7C4-FA21-4946-B4BE-64EBD7EB5F24}.RelWithDebInfo|ARM64.Build.0 = Release|x64
		{69D7E7C4-FA21-4946-B4BE-64EBD7EB5F24}.RelWithDebInfo|Itanium.ActiveCfg = Release|x64
		{69D7E7C4-FA21-4946-B4BE-64EBD7EB5F24}.RelWithDebInfo|Itanium.Build.0 = Release|x64
		{69D7E7C4-FA21-4946-B4BE-64EBD7EB5F24}.RelWithDebInfo|x64.ActiveCfg = Release|x64
		{69D7E7C4-FA21-4946-B4BE-64EBD7EB5F24}.RelWithDebInfo|x64.Build.0 = Release|x64
		{69D7E7C4-FA21-4946-B4BE-64EBD7EB5F24}.RelWithDebInfo|x86.ActiveCfg = Release|Win32
		{69D7E7C4-FA21-4946-B4BE-64EBD7EB5F24}.RelWithDebInfo|x86.Build.0 = Release|Win32
		{A185B162-6CB6-4502-B03F-B56F7699A8D9}.Debug|ARM.ActiveCfg = DebugLTCG|x64
		{A185B162-6CB6-4502-B03F-B56F7699A8D9}.Debug|ARM.Build.0 = DebugLTCG|x64
		{A185B162-6CB6-4502-B03F-B56F7699A8D9}.Debug|ARM64.ActiveCfg = DebugLTCG|ARM64
		{A185B162-6CB6-4502-B03F-B56F7699A8D9}.Debug|ARM64.Build.0 = DebugLTCG|ARM64
		{A185B162-6CB6-4502-B03F-B56F7699A8D9}.Debug|Itanium.ActiveCfg = DebugLTCG|x64
		{A185B162-6CB6-4502-B03F-B56F7699A8D9}.Debug|Itanium.Build.0 = DebugLTCG|x64
		{A185B162-6CB6-4502-B03F-B56F7699A8D9}.Debug|x64.ActiveCfg = DebugLTCG|x64
		{A185B162-6CB6-4502-B03F-B56F7699A8D9}.Debug|x64.Build.0 = DebugLTCG|x64
		{A185B162-6CB6-4502-B03F-B56F7699A8D9}.Debug|x86.ActiveCfg = DebugLTCG|Win32
		{A185B162-6CB6-4502-B03F-B56F7699A8D9}.Debug|x86.Build.0 = DebugLTCG|Win32
		{A185B162-6CB6-4502-B03F-B56F7699A8D9}.DebugDLL|ARM.ActiveCfg = DebugDLL|x64
		{A185B162-6CB6-4502-B03F-B56F7699A8D9}.DebugDLL|ARM.Build.0 = DebugDLL|x64
		{A185B162-6CB6-4502-B03F-B56F7699A8D9}.DebugDLL|ARM64.ActiveCfg = DebugDLL|ARM64
		{A185B162-6CB6-4502-B03F-B56F7699A8D9}.DebugDLL|ARM64.Build.0 = DebugDLL|ARM64
		{A185B162-6CB6-4502-B03F-B56F7699A8D9}.DebugDLL|Itanium.ActiveCfg = DebugDLL|x64
		{A185B162-6CB6-4502-B03F-B56F7699A8D9}.DebugDLL|Itanium.Build.0 = DebugDLL|x64
		{A185B162-6CB6-4502-B03F-B56F7699A8D9}.DebugDLL|x64.ActiveCfg = DebugDLL|x64
		{A185B162-6CB6-4502-B03F-B56F7699A8D9}.DebugDLL|x64.Build.0 = DebugDLL|x64
		{A185B162-6CB6-4502-B03F-B56F7699A8D9}.DebugDLL|x86.ActiveCfg = DebugDLL|Win32
		{A185B162-6CB6-4502-B03F-B56F7699A8D9}.DebugDLL|x86.Build.0 = DebugDLL|Win32
		{A185B162-6CB6-4502-B03F-B56F7699A8D9}.DebugLIB|ARM.ActiveCfg = DebugLIB|x64
		{A185B162-6CB6-4502-B03F-B56F7699A8D9}.DebugLIB|ARM.Build.0 = DebugLIB|x64
		{A185B162-6CB6-4502-B03F-B56F7699A8D9}.DebugLIB|ARM64.ActiveCfg = DebugLIB|ARM64
		{A185B162-6CB6-4502-B03F-B56F7699A8D9}.DebugLIB|ARM64.Build.0 = DebugLIB|ARM64
		{A185B162-6CB6-4502-B03F-B56F7699A8D9}.DebugLIB|Itanium.ActiveCfg = DebugLIB|x64
		{A185B162-6CB6-4502-B03F-B56F7699A8D9}.DebugLIB|Itanium.Build.0 = DebugLIB|x64
		{A185B162-6CB6-4502-B03F-B56F7699A8D9}.DebugLIB|x64.ActiveCfg = DebugLIB|x64
		{A185B162-6CB6-4502-B03F-B56F7699A8D9}.DebugLIB|x64.Build.0 = DebugLIB|x64
		{A185B162-6CB6-4502-B03F-B56F7699A8D9}.DebugLIB|x86.ActiveCfg = DebugLIB|Win32
		{A185B162-6CB6-4502-B03F-B56F7699A8D9}.DebugLIB|x86.Build.0 = DebugLIB|Win32
		{A185B162-6CB6-4502-B03F-B56F7699A8D9}.DebugLTCG|ARM.ActiveCfg = DebugLTCG|x64
		{A185B162-6CB6-4502-B03F-B56F7699A8D9}.DebugLTCG|ARM.Build.0 = DebugLTCG|x64
		{A185B162-6CB6-4502-B03F-B56F7699A8D9}.DebugLTCG|ARM64.ActiveCfg = DebugLTCG|ARM64
		{A185B162-6CB6-4502-B03F-B56F7699A8D9}.DebugLTCG|ARM64.Build.0 = DebugLTCG|ARM64
		{A185B162-6CB6-4502-B03F-B56F7699A8D9}.DebugLTCG|Itanium.ActiveCfg = DebugLTCG|x64
		{A185B162-6CB6-4502-B03F-B56F7699A8D9}.DebugLTCG|Itanium.Build.0 = DebugLTCG|x64
		{A185B162-6CB6-4502-B03F-B56F7699A8D9}.DebugLTCG|x64.ActiveCfg = DebugLTCG|x64
		{A185B162-6CB6-4502-B03F-B56F7699A8D9}.DebugLTCG|x64.Build.0 = DebugLTCG|x64
		{A185B162-6CB6-4502-B03F-B56F7699A8D9}.DebugLTCG|x86.ActiveCfg = DebugLTCG|Win32
		{A185B162-6CB6-4502-B03F-B56F7699A8D9}.DebugLTCG|x86.Build.0 = DebugLTCG|Win32
		{A185B162-6CB6-4502-B03F-B56F7699A8D9}.MinSizeRel|ARM.ActiveCfg = ReleaseLTCG|x64
		{A185B162-6CB6-4502-B03F-B56F7699A8D9}.MinSizeRel|ARM.Build.0 = ReleaseLTCG|x64
		{A185B162-6CB6-4502-B03F-B56F7699A8D9}.MinSizeRel|ARM64.ActiveCfg = ReleaseLTCG|ARM64
		{A185B162-6CB6-4502-B03F-B56F7699A8D9}.MinSizeRel|ARM64.Build.0 = ReleaseLTCG|ARM64
		{A185B162-6CB6-4502-B03F-B56F7699A8D9}.MinSizeRel|Itanium.ActiveCfg = ReleaseLTCG|x64
		{A185B162-6CB6-4502-B03F-B56F7699A8D9}.MinSizeRel|Itanium.Build.0 = ReleaseLTCG|x64
		{A185B162-6CB6-4502-B03F-B56F7699A8D9}.MinSizeRel|x64.ActiveCfg = ReleaseLTCG|x64
		{A185B162-6CB6-4502-B03F-B56F7699A8D9}.MinSizeRel|x64.Build.0 = ReleaseLTCG|x64
		{A185B162-6CB6-4502-B03F-B56F7699A8D9}.MinSizeRel|x86.ActiveCfg = ReleaseLTCG|Win32
		{A185B162-6CB6-4502-B03F-B56F7699A8D9}.MinSizeRel|x86.Build.0 = ReleaseLTCG|Win32
		{A185B162-6CB6-4502-B03F-B56F7699A8D9}.Release|ARM.ActiveCfg = ReleaseLTCG|x64
		{A185B162-6CB6-4502-B03F-B56F7699A8D9}.Release|ARM.Build.0 = ReleaseLTCG|x64
		{A185B162-6CB6-4502-B03F-B56F7699A8D9}.Release|ARM64.ActiveCfg = ReleaseLTCG|ARM64
		{A185B162-6CB6-4502-B03F-B56F7699A8D9}.Release|ARM64.Build.0 = ReleaseLTCG|ARM64
		{A185B162-6CB6-4502-B03F-B56F7699A8D9}.Release|Itanium.ActiveCfg = ReleaseLTCG|x64
		{A185B162-6CB6-4502-B03F-B56F7699A8D9}.Release|Itanium.Build.0 = ReleaseLTCG|x64
		{A185B162-6CB6-4502-B03F-B56F7699A8D9}.Release|x64.ActiveCfg = ReleaseLTCG|x64
		{A185B162-6CB6-4502-B03F-B56F7699A8D9}.Release|x64.Build.0 = ReleaseLTCG|x64
		{A185B162-6CB6-4502-B03F-B56F7699A8D9}.Release|x86.ActiveCfg = ReleaseLTCG|Win32
		{A185B162-6CB6-4502-B03F-B56F7699A8D9}.Release|x86.Build.0 = ReleaseLTCG|Win32
		{A185B162-6CB6-4502-B03F-B56F7699A8D9}.ReleaseDLL|ARM.ActiveCfg = ReleaseDLL|x64
		{A185B162-6CB6-4502-B03F-B56F7699A8D9}.ReleaseDLL|ARM.Build.0 = ReleaseDLL|x64
		{A185B162-6CB6-4502-B03F-B56F7699A8D9}.ReleaseDLL|ARM64.ActiveCfg = ReleaseDLL|ARM64
		{A185B162-6CB6-4502-B03F-B56F7699A8D9}.ReleaseDLL|ARM64.Build.0 = ReleaseDLL|ARM64
		{A185B162-6CB6-4502-B03F-B56F7699A8D9}.ReleaseDLL|Itanium.ActiveCfg = ReleaseDLL|x64
		{A185B162-6CB6-4502-B03F-B56F7699A8D9}.ReleaseDLL|Itanium.Build.0 = ReleaseDLL|x64
		{A185B162-6CB6-4502-B03F-B56F7699A8D9}.ReleaseDLL|x64.ActiveCfg = ReleaseDLL|x64
		{A185B162-6CB6-4502-B03F-B56F7699A8D9}.ReleaseDLL|x64.Build.0 = ReleaseDLL|x64
		{A185B162-6CB6-4502-B03F-B56F7699A8D9}.ReleaseDLL|x86.ActiveCfg = ReleaseDLL|Win32
		{A185B162-6CB6-4502-B03F-B56F7699A8D9}.ReleaseDLL|x86.Build.0 = ReleaseDLL|Win32
		{A185B162-6CB6-4502-B03F-B56F7699A8D9}.ReleaseLIB|ARM.ActiveCfg = ReleaseLIB|x64
		{A185B162-6CB6-4502-B03F-B56F7699A8D9}.ReleaseLIB|ARM.Build.0 = ReleaseLIB|x64
		{A185B162-6CB6-4502-B03F-B56F7699A8D9}.ReleaseLIB|ARM64.ActiveCfg = ReleaseLIB|ARM64
		{A185B162-6CB6-4502-B03F-B56F7699A8D9}.ReleaseLIB|ARM64.Build.0 = ReleaseLIB|ARM64
		{A185B162-6CB6-4502-B03F-B56F7699A8D9}.ReleaseLIB|Itanium.ActiveCfg = ReleaseLIB|x64
		{A185B162-6CB6-4502-B03F-B56F7699A8D9}.ReleaseLIB|Itanium.Build.0 = ReleaseLIB|x64
		{A185B162-6CB6-4502-B03F-B56F7699A8D9}.ReleaseLIB|x64.ActiveCfg = ReleaseLIB|x64
		{A185B162-6CB6-4502-B03F-B56F7699A8D9}.ReleaseLIB|x64.Build.0 = ReleaseLIB|x64
		{A185B162-6CB6-4502-B03F-B56F7699A8D9}.ReleaseLIB|x86.ActiveCfg = ReleaseLIB|Win32
		{A185B162-6CB6-4502-B03F-B56F7699A8D9}.ReleaseLIB|x86.Build.0 = ReleaseLIB|Win32
		{A185B162-6CB6-4502-B03F-B56F7699A8D9}.ReleaseLTCG|ARM.ActiveCfg = ReleaseLTCG|x64
		{A185B162-6CB6-4502-B03F-B56F7699A8D9}.ReleaseLTCG|ARM.Build.0 = ReleaseLTCG|x64
		{A185B162-6CB6-4502-B03F-B56F7699A8D9}.ReleaseLTCG|ARM64.ActiveCfg = ReleaseLTCG|ARM64
		{A185B162-6CB6-4502-B03F-B56F7699A8D9}.ReleaseLTCG|ARM64.Build.0 = ReleaseLTCG|ARM64
		{A185B162-6CB6-4502-B03F-B56F7699A8D9}.ReleaseLTCG|Itanium.ActiveCfg = ReleaseLTCG|x64
		{A185B162-6CB6-4502-B03F-B56F7699A8D9}.ReleaseLTCG|Itanium.Build.0 = ReleaseLTCG|x64
		{A185B162-6CB6-4502-B03F-B56F7699A8D9}.ReleaseLTCG|x64.ActiveCfg = ReleaseLTCG|x64
		{A185B162-6CB6-4502-B03F-B56F7699A8D9}.ReleaseLTCG|x64.Build.0 = ReleaseLTCG|x64
		{A185B162-6CB6-4502-B03F-B56F7699A8D9}.ReleaseLTCG|x86.ActiveCfg = ReleaseLTCG|Win32
		{A185B162-6CB6-4502-B03F-B56F7699A8D9}.ReleaseLTCG|x86.Build.0 = ReleaseLTCG|Win32
		{A185B162-6CB6-4502-B03F-B56F7699A8D9}.ReleaseWithoutAsm|ARM.ActiveCfg = ReleaseLTCG|x64
		{A185B162-6CB6-4502-B03F-B56F7699A8D9}.ReleaseWithoutAsm|ARM.Build.0 = ReleaseLTCG|x64
		{A185B162-6CB6-4502-B03F-B56F7699A8D9}.ReleaseWithoutAsm|ARM64.ActiveCfg = ReleaseLTCG|ARM64
		{A185B162-6CB6-4502-B03F-B56F7699A8D9}.ReleaseWithoutAsm|ARM64.Build.0 = ReleaseLTCG|ARM64
		{A185B162-6CB6-4502-B03F-B56F7699A8D9}.ReleaseWithoutAsm|Itanium.ActiveCfg = ReleaseLTCG|x64
		{A185B162-6CB6-4502-B03F-B56F7699A8D9}.ReleaseWithoutAsm|Itanium.Build.0 = ReleaseLTCG|x64
		{A185B162-6CB6-4502-B03F-B56F7699A8D9}.ReleaseWithoutAsm|x64.ActiveCfg = ReleaseLTCG|x64
		{A185B162-6CB6-4502-B03F-B56F7699A8D9}.ReleaseWithoutAsm|x64.Build.0 = ReleaseLTCG|x64
		{A185B162-6CB6-4502-B03F-B56F7699A8D9}.ReleaseWithoutAsm|x86.ActiveCfg = ReleaseLTCG|Win32
		{A185B162-6CB6-4502-B03F-B56F7699A8D9}.ReleaseWithoutAsm|x86.Build.0 = ReleaseLTCG|Win32
		{A185B162-6CB6-4502-B03F-B56F7699A8D9}.RelWithDebInfo|ARM.ActiveCfg = ReleaseLTCG|x64
		{A185B162-6CB6-4502-B03F-B56F7699A8D9}.RelWithDebInfo|ARM.Build.0 = ReleaseLTCG|x64
		{A185B162-6CB6-4502-B03F-B56F7699A8D9}.RelWithDebInfo|ARM64.ActiveCfg = ReleaseLTCG|ARM64
		{A185B162-6CB6-4502-B03F-B56F7699A8D9}.RelWithDebInfo|ARM64.Build.0 = ReleaseLTCG|ARM64
		{A185B162-6CB6-4502-B03F-B56F7699A8D9}.RelWithDebInfo|Itanium.ActiveCfg = ReleaseLTCG|x64
		{A185B162-6CB6-4502-B03F-B56F7699A8D9}.RelWithDebInfo|Itanium.Build.0 = ReleaseLTCG|x64
		{A185B162-6CB6-4502-B03F-B56F7699A8D9}.RelWithDebInfo|x64.ActiveCfg = ReleaseLTCG|x64
		{A185B162-6CB6-4502-B03F-B56F7699A8D9}.RelWithDebInfo|x64.Build.0 = ReleaseLTCG|x64
		{A185B162-6CB6-4502-B03F-B56F7699A8D9}.RelWithDebInfo|x86.ActiveCfg = ReleaseLTCG|Win32
		{A185B162-6CB6-4502-B03F-B56F7699A8D9}.RelWithDebInfo|x86.Build.0 = ReleaseLTCG|Win32
		{C2EF6108-C3F4-3567-BF46-C388C0C17C51}.Debug|ARM.ActiveCfg = Debug|x64
		{C2EF6108-C3F4-3567-BF46-C388C0C17C51}.Debug|ARM.Build.0 = Debug|x64
		{C2EF6108-C3F4-3567-BF46-C388C0C17C51}.Debug|ARM64.ActiveCfg = Debug|x64
		{C2EF6108-C3F4-3567-BF46-C388C0C17C51}.Debug|ARM64.Build.0 = Debug|x64
		{C2EF6108-C3F4-3567-BF46-C388C0C17C51}.Debug|Itanium.ActiveCfg = Debug|x64
		{C2EF6108-C3F4-3567-BF46-C388C0C17C51}.Debug|Itanium.Build.0 = Debug|x64
		{C2EF6108-C3F4-3567-BF46-C388C0C17C51}.Debug|x64.ActiveCfg = Debug|x64
		{C2EF6108-C3F4-3567-BF46-C388C0C17C51}.Debug|x64.Build.0 = Debug|x64
		{C2EF6108-C3F4-3567-BF46-C388C0C17C51}.Debug|x86.ActiveCfg = Debug|x64
		{C2EF6108-C3F4-3567-BF46-C388C0C17C51}.Debug|x86.Build.0 = Debug|x64
		{C2EF6108-C3F4-3567-BF46-C388C0C17C51}.DebugDLL|ARM.ActiveCfg = Debug|x64
		{C2EF6108-C3F4-3567-BF46-C388C0C17C51}.DebugDLL|ARM.Build.0 = Debug|x64
		{C2EF6108-C3F4-3567-BF46-C388C0C17C51}.DebugDLL|ARM64.ActiveCfg = Debug|x64
		{C2EF6108-C3F4-3567-BF46-C388C0C17C51}.DebugDLL|ARM64.Build.0 = Debug|x64
		{C2EF6108-C3F4-3567-BF46-C388C0C17C51}.DebugDLL|Itanium.ActiveCfg = Debug|x64
		{C2EF6108-C3F4-3567-BF46-C388C0C17C51}.DebugDLL|Itanium.Build.0 = Debug|x64
		{C2EF6108-C3F4-3567-BF46-C388C0C17C51}.DebugDLL|x64.ActiveCfg = Debug|x64
		{C2EF6108-C3F4-3567-BF46-C388C0C17C51}.DebugDLL|x64.Build.0 = Debug|x64
		{C2EF6108-C3F4-3567-BF46-C388C0C17C51}.DebugDLL|x86.ActiveCfg = Debug|x64
		{C2EF6108-C3F4-3567-BF46-C388C0C17C51}.DebugDLL|x86.Build.0 = Debug|x64
		{C2EF6108-C3F4-3567-BF46-C388C0C17C51}.DebugLIB|ARM.ActiveCfg = Debug|x64
		{C2EF6108-C3F4-3567-BF46-C388C0C17C51}.DebugLIB|ARM.Build.0 = Debug|x64
		{C2EF6108-C3F4-3567-BF46-C388C0C17C51}.DebugLIB|ARM64.ActiveCfg = Debug|x64
		{C2EF6108-C3F4-3567-BF46-C388C0C17C51}.DebugLIB|ARM64.Build.0 = Debug|x64
		{C2EF6108-C3F4-3567-BF46-C388C0C17C51}.DebugLIB|Itanium.ActiveCfg = Debug|x64
		{C2EF6108-C3F4-3567-BF46-C388C0C17C51}.DebugLIB|Itanium.Build.0 = Debug|x64
		{C2EF6108-C3F4-3567-BF46-C388C0C17C51}.DebugLIB|x64.ActiveCfg = Debug|x64
		{C2EF6108-C3F4-3567-BF46-C388C0C17C51}.DebugLIB|x64.Build.0 = Debug|x64
		{C2EF6108-C3F4-3567-BF46-C388C0C17C51}.DebugLIB|x86.ActiveCfg = Debug|x64
		{C2EF6108-C3F4-3567-BF46-C388C0C17C51}.DebugLIB|x86.Build.0 = Debug|x64
		{C2EF6108-C3F4-3567-BF46-C388C0C17C51}.DebugLTCG|ARM.ActiveCfg = Debug|x64
		{C2EF6108-C3F4-3567-BF46-C388C0C17C51}.DebugLTCG|ARM.Build.0 = Debug|x64
		{C2EF6108-C3F4-3567-BF46-C388C0C17C51}.DebugLTCG|ARM64.ActiveCfg = Debug|x64
		{C2EF6108-C3F4-3567-BF46-C388C0C17C51}.DebugLTCG|ARM64.Build.0 = Debug|x64
		{C2EF6108-C3F4-3567-BF46-C388C0C17C51}.DebugLTCG|Itanium.ActiveCfg = Debug|x64
		{C2EF6108-C3F4-3567-BF46-C388C0C17C51}.DebugLTCG|Itanium.Build.0 = Debug|x64
		{C2EF6108-C3F4-3567-BF46-C388C0C17C51}.DebugLTCG|x64.ActiveCfg = Debug|x64
		{C2EF6108-C3F4-3567-BF46-C388C0C17C51}.DebugLTCG|x64.Build.0 = Debug|x64
		{C2EF6108-C3F4-3567-BF46-C388C0C17C51}.DebugLTCG|x86.ActiveCfg = Debug|x64
		{C2EF6108-C3F4-3567-BF46-C388C0C17C51}.DebugLTCG|x86.Build.0 = Debug|x64
		{C2EF6108-C3F4-3567-BF46-C388C0C17C51}.MinSizeRel|ARM.ActiveCfg = MinSizeRel|x64
		{C2EF6108-C3F4-3567-BF46-C388C0C17C51}.MinSizeRel|ARM.Build.0 = MinSizeRel|x64
		{C2EF6108-C3F4-3567-BF46-C388C0C17C51}.MinSizeRel|ARM64.ActiveCfg = MinSizeRel|x64
		{C2EF6108-C3F4-3567-BF46-C388C0C17C51}.MinSizeRel|ARM64.Build.0 = MinSizeRel|x64
		{C2EF6108-C3F4-3567-BF46-C388C0C17C51}.MinSizeRel|Itanium.ActiveCfg = MinSizeRel|x64
		{C2EF6108-C3F4-3567-BF46-C388C0C17C51}.MinSizeRel|Itanium.Build.0 = MinSizeRel|x64
		{C2EF6108-C3F4-3567-BF46-C388C0C17C51}.MinSizeRel|x64.ActiveCfg = MinSizeRel|x64
		{C2EF6108-C3F4-3567-BF46-C388C0C17C51}.MinSizeRel|x64.Build.0 = MinSizeRel|x64
		{C2EF6108-C3F4-3567-BF46-C388C0C17C51}.MinSizeRel|x86.ActiveCfg = MinSizeRel|x64
		{C2EF6108-C3F4-3567-BF46-C388C0C17C51}.MinSizeRel|x86.Build.0 = MinSizeRel|x64
		{C2EF6108-C3F4-3567-BF46-C388C0C17C51}.Release|ARM.ActiveCfg = Release|x64
		{C2EF6108-C3F4-3567-BF46-C388C0C17C51}.Release|ARM.Build.0 = Release|x64
		{C2EF6108-C3F4-3567-BF46-C388C0C17C51}.Release|ARM64.ActiveCfg = Release|x64
		{C2EF6108-C3F4-3567-BF46-C388C0C17C51}.Release|ARM64.Build.0 = Release|x64
		{C2EF6108-C3F4-3567-BF46-C388C0C17C51}.Release|Itanium.ActiveCfg = Release|x64
		{C2EF6108-C3F4-3567-BF46-C388C0C17C51}.Release|Itanium.Build.0 = Release|x64
		{C2EF6108-C3F4-3567-BF46-C388C0C17C51}.Release|x64.ActiveCfg = Release|x64
		{C2EF6108-C3F4-3567-BF46-C388C0C17C51}.Release|x64.Build.0 = Release|x64
		{C2EF6108-C3F4-3567-BF46-C388C0C17C51}.Release|x86.ActiveCfg = Release|x64
		{C2EF6108-C3F4-3567-BF46-C388C0C17C51}.Release|x86.Build.0 = Release|x64
		{C2EF6108-C3F4-3567-BF46-C388C0C17C51}.ReleaseDLL|ARM.ActiveCfg = RelWithDebInfo|x64
		{C2EF6108-C3F4-3567-BF46-C388C0C17C51}.ReleaseDLL|ARM.Build.0 = RelWithDebInfo|x64
		{C2EF6108-C3F4-3567-BF46-C388C0C17C51}.ReleaseDLL|ARM64.ActiveCfg = RelWithDebInfo|x64
		{C2EF6108-C3F4-3567-BF46-C388C0C17C51}.ReleaseDLL|ARM64.Build.0 = RelWithDebInfo|x64
		{C2EF6108-C3F4-3567-BF46-C388C0C17C51}.ReleaseDLL|Itanium.ActiveCfg = RelWithDebInfo|x64
		{C2EF6108-C3F4-3567-BF46-C388C0C17C51}.ReleaseDLL|Itanium.Build.0 = RelWithDebInfo|x64
		{C2EF6108-C3F4-3567-BF46-C388C0C17C51}.ReleaseDLL|x64.ActiveCfg = RelWithDebInfo|x64
		{C2EF6108-C3F4-3567-BF46-C388C0C17C51}.ReleaseDLL|x64.Build.0 = RelWithDebInfo|x64
		{C2EF6108-C3F4-3567-BF46-C388C0C17C51}.ReleaseDLL|x86.ActiveCfg = RelWithDebInfo|x64
		{C2EF6108-C3F4-3567-BF46-C388C0C17C51}.ReleaseDLL|x86.Build.0 = RelWithDebInfo|x64
		{C2EF6108-C3F4-3567-BF46-C388C0C17C51}.ReleaseLIB|ARM.ActiveCfg = RelWithDebInfo|x64
		{C2EF6108-C3F4-3567-BF46-C388C0C17C51}.ReleaseLIB|ARM.Build.0 = RelWithDebInfo|x64
		{C2EF6108-C3F4-3567-BF46-C388C0C17C51}.ReleaseLIB|ARM64.ActiveCfg = RelWithDebInfo|x64
		{C2EF6108-C3F4-3567-BF46-C388C0C17C51}.ReleaseLIB|ARM64.Build.0 = RelWithDebInfo|x64
		{C2EF6108-C3F4-3567-BF46-C388C0C17C51}.ReleaseLIB|Itanium.ActiveCfg = RelWithDebInfo|x64
		{C2EF6108-C3F4-3567-BF46-C388C0C17C51}.ReleaseLIB|Itanium.Build.0 = RelWithDebInfo|x64
		{C2EF6108-C3F4-3567-BF46-C388C0C17C51}.ReleaseLIB|x64.ActiveCfg = RelWithDebInfo|x64
		{C2EF6108-C3F4-3567-BF46-C388C0C17C51}.ReleaseLIB|x64.Build.0 = RelWithDebInfo|x64
		{C2EF6108-C3F4-3567-BF46-C388C0C17C51}.ReleaseLIB|x86.ActiveCfg = RelWithDebInfo|x64
		{C2EF6108-C3F4-3567-BF46-C388C0C17C51}.ReleaseLIB|x86.Build.0 = RelWithDebInfo|x64
		{C2EF6108-C3F4-3567-BF46-C388C0C17C51}.ReleaseLTCG|ARM.ActiveCfg = RelWithDebInfo|x64
		{C2EF6108-C3F4-3567-BF46-C388C0C17C51}.ReleaseLTCG|ARM.Build.0 = RelWithDebInfo|x64
		{C2EF6108-C3F4-3567-BF46-C388C0C17C51}.ReleaseLTCG|ARM64.ActiveCfg = RelWithDebInfo|x64
		{C2EF6108-C3F4-3567-BF46-C388C0C17C51}.ReleaseLTCG|ARM64.Build.0 = RelWithDebInfo|x64
		{C2EF6108-C3F4-3567-BF46-C388C0C17C51}.ReleaseLTCG|Itanium.ActiveCfg = RelWithDebInfo|x64
		{C2EF6108-C3F4-3567-BF46-C388C0C17C51}.ReleaseLTCG|Itanium.Build.0 = RelWithDebInfo|x64
		{C2EF6108-C3F4-3567-BF46-C388C0C17C51}.ReleaseLTCG|x64.ActiveCfg = RelWithDebInfo|x64
		{C2EF6108-C3F4-3567-BF46-C388C0C17C51}.ReleaseLTCG|x64.Build.0 = RelWithDebInfo|x64
		{C2EF6108-C3F4-3567-BF46-C388C0C17C51}.ReleaseLTCG|x86.ActiveCfg = RelWithDebInfo|x64
		{C2EF6108-C3F4-3567-BF46-C388C0C17C51}.ReleaseLTCG|x86.Build.0 = RelWithDebInfo|x64
		{C2EF6108-C3F4-3567-BF46-C388C0C17C51}.ReleaseWithoutAsm|ARM.ActiveCfg = RelWithDebInfo|x64
		{C2EF6108-C3F4-3567-BF46-C388C0C17C51}.ReleaseWithoutAsm|ARM.Build.0 = RelWithDebInfo|x64
		{C2EF6108-C3F4-3567-BF46-C388C0C17C51}.ReleaseWithoutAsm|ARM64.ActiveCfg = RelWithDebInfo|x64
		{C2EF6108-C3F4-3567-BF46-C388C0C17C51}.ReleaseWithoutAsm|ARM64.Build.0 = RelWithDebInfo|x64
		{C2EF6108-C3F4-3567-BF46-C388C0C17C51}.ReleaseWithoutAsm|Itanium.ActiveCfg = RelWithDebInfo|x64
		{C2EF6108-C3F4-3567-BF46-C388C0C17C51}.ReleaseWithoutAsm|Itanium.Build.0 = RelWithDebInfo|x64
		{C2EF6108-C3F4-3567-BF46-C388C0C17C51}.ReleaseWithoutAsm|x64.ActiveCfg = RelWithDebInfo|x64
		{C2EF6108-C3F4-3567-BF46-C388C0C17C51}.ReleaseWithoutAsm|x64.Build.0 = RelWithDebInfo|x64
		{C2EF6108-C3F4-3567-BF46-C388C0C17C51}.ReleaseWithoutAsm|x86.ActiveCfg = RelWithDebInfo|x64
		{C2EF6108-C3F4-3567-BF46-C388C0C17C51}.ReleaseWithoutAsm|x86.Build.0 = RelWithDebInfo|x64
		{C2EF6108-C3F4-3567-BF46-C388C0C17C51}.RelWithDebInfo|ARM.ActiveCfg = RelWithDebInfo|x64
		{C2EF6108-C3F4-3567-BF46-C388C0C17C51}.RelWithDebInfo|ARM.Build.0 = RelWithDebInfo|x64
		{C2EF6108-C3F4-3567-BF46-C388C0C17C51}.RelWithDebInfo|ARM64.ActiveCfg = RelWithDebInfo|x64
		{C2EF6108-C3F4-3567-BF46-C388C0C17C51}.RelWithDebInfo|ARM64.Build.0 = RelWithDebInfo|x64
		{C2EF6108-C3F4-3567-BF46-C388C0C17C51}.RelWithDebInfo|Itanium.ActiveCfg = RelWithDebInfo|x64
		{C2EF6108-C3F4-3567-BF46-C388C0C17C51}.RelWithDebInfo|Itanium.Build.0 = RelWithDebInfo|x64
		{C2EF6108-C3F4-3567-BF46-C388C0C17C51}.RelWithDebInfo|x64.ActiveCfg = RelWithDebInfo|x64
		{C2EF6108-C3F4-3567-BF46-C388C0C17C51}.RelWithDebInfo|x64.Build.0 = RelWithDebInfo|x64
		{C2EF6108-C3F4-3567-BF46-C388C0C17C51}.RelWithDebInfo|x86.ActiveCfg = RelWithDebInfo|x64
		{C2EF6108-C3F4-3567-BF46-C388C0C17C51}.RelWithDebInfo|x86.Build.0 = RelWithDebInfo|x64
		{51EEB375-FF9B-3BF6-8E03-AC18F0FB7B79}.Debug|ARM.ActiveCfg = Debug|x64
		{51EEB375-FF9B-3BF6-8E03-AC18F0FB7B79}.Debug|ARM.Build.0 = Debug|x64
		{51EEB375-FF9B-3BF6-8E03-AC18F0FB7B79}.Debug|ARM64.ActiveCfg = Debug|x64
		{51EEB375-FF9B-3BF6-8E03-AC18F0FB7B79}.Debug|ARM64.Build.0 = Debug|x64
		{51EEB375-FF9B-3BF6-8E03-AC18F0FB7B79}.Debug|Itanium.ActiveCfg = Debug|x64
		{51EEB375-FF9B-3BF6-8E03-AC18F0FB7B79}.Debug|Itanium.Build.0 = Debug|x64
		{51EEB375-FF9B-3BF6-8E03-AC18F0FB7B79}.Debug|x64.ActiveCfg = Debug|x64
		{51EEB375-FF9B-3BF6-8E03-AC18F0FB7B79}.Debug|x64.Build.0 = Debug|x64
		{51EEB375-FF9B-3BF6-8E03-AC18F0FB7B79}.Debug|x86.ActiveCfg = Debug|x64
		{51EEB375-FF9B-3BF6-8E03-AC18F0FB7B79}.Debug|x86.Build.0 = Debug|x64
		{51EEB375-FF9B-3BF6-8E03-AC18F0FB7B79}.DebugDLL|ARM.ActiveCfg = Debug|x64
		{51EEB375-FF9B-3BF6-8E03-AC18F0FB7B79}.DebugDLL|ARM.Build.0 = Debug|x64
		{51EEB375-FF9B-3BF6-8E03-AC18F0FB7B79}.DebugDLL|ARM64.ActiveCfg = Debug|x64
		{51EEB375-FF9B-3BF6-8E03-AC18F0FB7B79}.DebugDLL|ARM64.Build.0 = Debug|x64
		{51EEB375-FF9B-3BF6-8E03-AC18F0FB7B79}.DebugDLL|Itanium.ActiveCfg = Debug|x64
		{51EEB375-FF9B-3BF6-8E03-AC18F0FB7B79}.DebugDLL|Itanium.Build.0 = Debug|x64
		{51EEB375-FF9B-3BF6-8E03-AC18F0FB7B79}.DebugDLL|x64.ActiveCfg = Debug|x64
		{51EEB375-FF9B-3BF6-8E03-AC18F0FB7B79}.DebugDLL|x64.Build.0 = Debug|x64
		{51EEB375-FF9B-3BF6-8E03-AC18F0FB7B79}.DebugDLL|x86.ActiveCfg = Debug|x64
		{51EEB375-FF9B-3BF6-8E03-AC18F0FB7B79}.DebugDLL|x86.Build.0 = Debug|x64
		{51EEB375-FF9B-3BF6-8E03-AC18F0FB7B79}.DebugLIB|ARM.ActiveCfg = Debug|x64
		{51EEB375-FF9B-3BF6-8E03-AC18F0FB7B79}.DebugLIB|ARM.Build.0 = Debug|x64
		{51EEB375-FF9B-3BF6-8E03-AC18F0FB7B79}.DebugLIB|ARM64.ActiveCfg = Debug|x64
		{51EEB375-FF9B-3BF6-8E03-AC18F0FB7B79}.DebugLIB|ARM64.Build.0 = Debug|x64
		{51EEB375-FF9B-3BF6-8E03-AC18F0FB7B79}.DebugLIB|Itanium.ActiveCfg = Debug|x64
		{51EEB375-FF9B-3BF6-8E03-AC18F0FB7B79}.DebugLIB|Itanium.Build.0 = Debug|x64
		{51EEB375-FF9B-3BF6-8E03-AC18F0FB7B79}.DebugLIB|x64.ActiveCfg = Debug|x64
		{51EEB375-FF9B-3BF6-8E03-AC18F0FB7B79}.DebugLIB|x64.Build.0 = Debug|x64
		{51EEB375-FF9B-3BF6-8E03-AC18F0FB7B79}.DebugLIB|x86.ActiveCfg = Debug|x64
		{51EEB375-FF9B-3BF6-8E03-AC18F0FB7B79}.DebugLIB|x86.Build.0 = Debug|x64
		{51EEB375-FF9B-3BF6-8E03-AC18F0FB7B79}.DebugLTCG|ARM.ActiveCfg = Debug|x64
		{51EEB375-FF9B-3BF6-8E03-AC18F0FB7B79}.DebugLTCG|ARM.Build.0 = Debug|x64
		{51EEB375-FF9B-3BF6-8E03-AC18F0FB7B79}.DebugLTCG|ARM64.ActiveCfg = Debug|x64
		{51EEB375-FF9B-3BF6-8E03-AC18F0FB7B79}.DebugLTCG|ARM64.Build.0 = Debug|x64
		{51EEB375-FF9B-3BF6-8E03-AC18F0FB7B79}.DebugLTCG|Itanium.ActiveCfg = Debug|x64
		{51EEB375-FF9B-3BF6-8E03-AC18F0FB7B79}.DebugLTCG|Itanium.Build.0 = Debug|x64
		{51EEB375-FF9B-3BF6-8E03-AC18F0FB7B79}.DebugLTCG|x64.ActiveCfg = Debug|x64
		{51EEB375-FF9B-3BF6-8E03-AC18F0FB7B79}.DebugLTCG|x64.Build.0 = Debug|x64
		{51EEB375-FF9B-3BF6-8E03-AC18F0FB7B79}.DebugLTCG|x86.ActiveCfg = Debug|x64
		{51EEB375-FF9B-3BF6-8E03-AC18F0FB7B79}.DebugLTCG|x86.Build.0 = Debug|x64
		{51EEB375-FF9B-3BF6-8E03-AC18F0FB7B79}.MinSizeRel|ARM.ActiveCfg = MinSizeRel|x64
		{51EEB375-FF9B-3BF6-8E03-AC18F0FB7B79}.MinSizeRel|ARM.Build.0 = MinSizeRel|x64
		{51EEB375-FF9B-3BF6-8E03-AC18F0FB7B79}.MinSizeRel|ARM64.ActiveCfg = MinSizeRel|x64
		{51EEB375-FF9B-3BF6-8E03-AC18F0FB7B79}.MinSizeRel|ARM64.Build.0 = MinSizeRel|x64
		{51EEB375-FF9B-3BF6-8E03-AC18F0FB7B79}.MinSizeRel|Itanium.ActiveCfg = MinSizeRel|x64
		{51EEB375-FF9B-3BF6-8E03-AC18F0FB7B79}.MinSizeRel|Itanium.Build.0 = MinSizeRel|x64
		{51EEB375-FF9B-3BF6-8E03-AC18F0FB7B79}.MinSizeRel|x64.ActiveCfg = MinSizeRel|x64
		{51EEB375-FF9B-3BF6-8E03-AC18F0FB7B79}.MinSizeRel|x64.Build.0 = MinSizeRel|x64
		{51EEB375-FF9B-3BF6-8E03-AC18F0FB7B79}.MinSizeRel|x86.ActiveCfg = MinSizeRel|x64
		{51EEB375-FF9B-3BF6-8E03-AC18F0FB7B79}.MinSizeRel|x86.Build.0 = MinSizeRel|x64
		{51EEB375-FF9B-3BF6-8E03-AC18F0FB7B79}.Release|ARM.ActiveCfg = Release|x64
		{51EEB375-FF9B-3BF6-8E03-AC18F0FB7B79}.Release|ARM.Build.0 = Release|x64
		{51EEB375-FF9B-3BF6-8E03-AC18F0FB7B79}.Release|ARM64.ActiveCfg = Release|x64
		{51EEB375-FF9B-3BF6-8E03-AC18F0FB7B79}.Release|ARM64.Build.0 = Release|x64
		{51EEB375-FF9B-3BF6-8E03-AC18F0FB7B79}.Release|Itanium.ActiveCfg = Release|x64
		{51EEB375-FF9B-3BF6-8E03-AC18F0FB7B79}.Release|Itanium.Build.0 = Release|x64
		{51EEB375-FF9B-3BF6-8E03-AC18F0FB7B79}.Release|x64.ActiveCfg = Release|x64
		{51EEB375-FF9B-3BF6-8E03-AC18F0FB7B79}.Release|x64.Build.0 = Release|x64
		{51EEB375-FF9B-3BF6-8E03-AC18F0FB7B79}.Release|x86.ActiveCfg = Release|x64
		{51EEB375-FF9B-3BF6-8E03-AC18F0FB7B79}.Release|x86.Build.0 = Release|x64
		{51EEB375-FF9B-3BF6-8E03-AC18F0FB7B79}.ReleaseDLL|ARM.ActiveCfg = RelWithDebInfo|x64
		{51EEB375-FF9B-3BF6-8E03-AC18F0FB7B79}.ReleaseDLL|ARM.Build.0 = RelWithDebInfo|x64
		{51EEB375-FF9B-3BF6-8E03-AC18F0FB7B79}.ReleaseDLL|ARM64.ActiveCfg = RelWithDebInfo|x64
		{51EEB375-FF9B-3BF6-8E03-AC18F0FB7B79}.ReleaseDLL|ARM64.Build.0 = RelWithDebInfo|x64
		{51EEB375-FF9B-3BF6-8E03-AC18F0FB7B79}.ReleaseDLL|Itanium.ActiveCfg = RelWithDebInfo|x64
		{51EEB375-FF9B-3BF6-8E03-AC18F0FB7B79}.ReleaseDLL|Itanium.Build.0 = RelWithDebInfo|x64
		{51EEB375-FF9B-3BF6-8E03-AC18F0FB7B79}.ReleaseDLL|x64.ActiveCfg = RelWithDebInfo|x64
		{51EEB375-FF9B-3BF6-8E03-AC18F0FB7B79}.ReleaseDLL|x64.Build.0 = RelWithDebInfo|x64
		{51EEB375-FF9B-3BF6-8E03-AC18F0FB7B79}.ReleaseDLL|x86.ActiveCfg = RelWithDebInfo|x64
		{51EEB375-FF9B-3BF6-8E03-AC18F0FB7B79}.ReleaseDLL|x86.Build.0 = RelWithDebInfo|x64
		{51EEB375-FF9B-3BF6-8E03-AC18F0FB7B79}.ReleaseLIB|ARM.ActiveCfg = RelWithDebInfo|x64
		{51EEB375-FF9B-3BF6-8E03-AC18F0FB7B79}.ReleaseLIB|ARM.Build.0 = RelWithDebInfo|x64
		{51EEB375-FF9B-3BF6-8E03-AC18F0FB7B79}.ReleaseLIB|ARM64.ActiveCfg = RelWithDebInfo|x64
		{51EEB375-FF9B-3BF6-8E03-AC18F0FB7B79}.ReleaseLIB|ARM64.Build.0 = RelWithDebInfo|x64
		{51EEB375-FF9B-3BF6-8E03-AC18F0FB7B79}.ReleaseLIB|Itanium.ActiveCfg = RelWithDebInfo|x64
		{51EEB375-FF9B-3BF6-8E03-AC18F0FB7B79}.ReleaseLIB|Itanium.Build.0 = RelWithDebInfo|x64
		{51EEB375-FF9B-3BF6-8E03-AC18F0FB7B79}.ReleaseLIB|x64.ActiveCfg = RelWithDebInfo|x64
		{51EEB375-FF9B-3BF6-8E03-AC18F0FB7B79}.ReleaseLIB|x64.Build.0 = RelWithDebInfo|x64
		{51EEB375-FF9B-3BF6-8E03-AC18F0FB7B79}.ReleaseLIB|x86.ActiveCfg = RelWithDebInfo|x64
		{51EEB375-FF9B-3BF6-8E03-AC18F0FB7B79}.ReleaseLIB|x86.Build.0 = RelWithDebInfo|x64
		{51EEB375-FF9B-3BF6-8E03-AC18F0FB7B79}.ReleaseLTCG|ARM.ActiveCfg = RelWithDebInfo|x64
		{51EEB375-FF9B-3BF6-8E03-AC18F0FB7B79}.ReleaseLTCG|ARM.Build.0 = RelWithDebInfo|x64
		{51EEB375-FF9B-3BF6-8E03-AC18F0FB7B79}.ReleaseLTCG|ARM64.ActiveCfg = RelWithDebInfo|x64
		{51EEB375-FF9B-3BF6-8E03-AC18F0FB7B79}.ReleaseLTCG|ARM64.Build.0 = RelWithDebInfo|x64
		{51EEB375-FF9B-3BF6-8E03-AC18F0FB7B79}.ReleaseLTCG|Itanium.ActiveCfg = RelWithDebInfo|x64
		{51EEB375-FF9B-3BF6-8E03-AC18F0FB7B79}.ReleaseLTCG|Itanium.Build.0 = RelWithDebInfo|x64
		{51EEB375-FF9B-3BF6-8E03-AC18F0FB7B79}.ReleaseLTCG|x64.ActiveCfg = RelWithDebInfo|x64
		{51EEB375-FF9B-3BF6-8E03-AC18F0FB7B79}.ReleaseLTCG|x64.Build.0 = RelWithDebInfo|x64
		{51EEB375-FF9B-3BF6-8E03-AC18F0FB7B79}.ReleaseLTCG|x86.ActiveCfg = RelWithDebInfo|x64
		{51EEB375-FF9B-3BF6-8E03-AC18F0FB7B79}.ReleaseLTCG|x86.Build.0 = RelWithDebInfo|x64
		{51EEB375-FF9B-3BF6-8E03-AC18F0FB7B79}.ReleaseWithoutAsm|ARM.ActiveCfg = RelWithDebInfo|x64
		{51EEB375-FF9B-3BF6-8E03-AC18F0FB7B79}.ReleaseWithoutAsm|ARM.Build.0 = RelWithDebInfo|x64
		{51EEB375-FF9B-3BF6-8E03-AC18F0FB7B79}.ReleaseWithoutAsm|ARM64.ActiveCfg = RelWithDebInfo|x64
		{51EEB375-FF9B-3BF6-8E03-AC18F0FB7B79}.ReleaseWithoutAsm|ARM64.Build.0 = RelWithDebInfo|x64
		{51EEB375-FF9B-3BF6-8E03-AC18F0FB7B79}.ReleaseWithoutAsm|Itanium.ActiveCfg = RelWithDebInfo|x64
		{51EEB375-FF9B-3BF6-8E03-AC18F0FB7B79}.ReleaseWithoutAsm|Itanium.Build.0 = RelWithDebInfo|x64
		{51EEB375-FF9B-3BF6-8E03-AC18F0FB7B79}.ReleaseWithoutAsm|x64.ActiveCfg = RelWithDebInfo|x64
		{51EEB375-FF9B-3BF6-8E03-AC18F0FB7B79}.ReleaseWithoutAsm|x64.Build.0 = RelWithDebInfo|x64
		{51EEB375-FF9B-3BF6-8E03-AC18F0FB7B79}.ReleaseWithoutAsm|x86.ActiveCfg = RelWithDebInfo|x64
		{51EEB375-FF9B-3BF6-8E03-AC18F0FB7B79}.ReleaseWithoutAsm|x86.Build.0 = RelWithDebInfo|x64
		{51EEB375-FF9B-3BF6-8E03-AC18F0FB7B79}.RelWithDebInfo|ARM.ActiveCfg = RelWithDebInfo|x64
		{51EEB375-FF9B-3BF6-8E03-AC18F0FB7B79}.RelWithDebInfo|ARM.Build.0 = RelWithDebInfo|x64
		{51EEB375-FF9B-3BF6-8E03-AC18F0FB7B79}.RelWithDebInfo|ARM64.ActiveCfg = RelWithDebInfo|x64
		{51EEB375-FF9B-3BF6-8E03-AC18F0FB7B79}.RelWithDebInfo|ARM64.Build.0 = RelWithDebInfo|x64
		{51EEB375-FF9B-3BF6-8E03-AC18F0FB7B79}.RelWithDebInfo|Itanium.ActiveCfg = RelWithDebInfo|x64
		{51EEB375-FF9B-3BF6-8E03-AC18F0FB7B79}.RelWithDebInfo|Itanium.Build.0 = RelWithDebInfo|x64
		{51EEB375-FF9B-3BF6-8E03-AC18F0FB7B79}.RelWithDebInfo|x64.ActiveCfg = RelWithDebInfo|x64
		{51EEB375-FF9B-3BF6-8E03-AC18F0FB7B79}.RelWithDebInfo|x64.Build.0 = RelWithDebInfo|x64
		{51EEB375-FF9B-3BF6-8E03-AC18F0FB7B79}.RelWithDebInfo|x86.ActiveCfg = RelWithDebInfo|x64
		{51EEB375-FF9B-3BF6-8E03-AC18F0FB7B79}.RelWithDebInfo|x86.Build.0 = RelWithDebInfo|x64
	EndGlobalSection
	GlobalSection(SolutionProperties) = preSolution
		HideSolutionNode = FALSE
	EndGlobalSection
	GlobalSection(ExtensibilityGlobals) = postSolution
		SolutionGuid = {A2EE0D39-E8F2-4418-BB1D-9C19A58D9270}
	EndGlobalSection
EndGlobal
